
Microsoft Visual Studio Solution File, Format Version 11.00
# Visual Studio 2010
Project("{8BC9CEB8-8B4A-11D0-8D11-00A0C91BC942}") = "1065", "1065\1065.vcxproj", "{8BA01C10-DE45-40A2-8469-56ADF038621D}"
EndProject
Global
	GlobalSection(SolutionConfigurationPlatforms) = preSolution
		Debug|Win32 = Debug|Win32
		Release|Win32 = Release|Win32
	EndGlobalSection
	GlobalSection(ProjectConfigurationPlatforms) = postSolution
		{8BA01C10-DE45-40A2-8469-56ADF038621D}.Debug|Win32.ActiveCfg = Debug|Win32
		{8BA01C10-DE45-40A2-8469-56ADF038621D}.Debug|Win32.Build.0 = Debug|Win32
		{8BA01C10-DE45-40A2-8469-56ADF038621D}.Release|Win32.ActiveCfg = Release|Win32
		{8BA01C10-DE45-40A2-8469-56ADF038621D}.Release|Win32.Build.0 = Release|Win32
	EndGlobalSection
	GlobalSection(SolutionProperties) = preSolution
		HideSolutionNode = FALSE
	EndGlobalSection
EndGlobal
