
Microsoft Visual Studio Solution File, Format Version 11.00
# Visual Studio 2010
Project("{8BC9CEB8-8B4A-11D0-8D11-00A0C91BC942}") = "1085", "1085\1085.vcxproj", "{EF857331-B28B-4194-9EC2-7597A73534BC}"
EndProject
Global
	GlobalSection(SolutionConfigurationPlatforms) = preSolution
		Debug|Win32 = Debug|Win32
		Release|Win32 = Release|Win32
	EndGlobalSection
	GlobalSection(ProjectConfigurationPlatforms) = postSolution
		{EF857331-B28B-4194-9EC2-7597A73534BC}.Debug|Win32.ActiveCfg = Debug|Win32
		{EF857331-B28B-4194-9EC2-7597A73534BC}.Debug|Win32.Build.0 = Debug|Win32
		{EF857331-B28B-4194-9EC2-7597A73534BC}.Release|Win32.ActiveCfg = Release|Win32
		{EF857331-B28B-4194-9EC2-7597A73534BC}.Release|Win32.Build.0 = Release|Win32
	EndGlobalSection
	GlobalSection(SolutionProperties) = preSolution
		HideSolutionNode = FALSE
	EndGlobalSection
EndGlobal
