
Microsoft Visual Studio Solution File, Format Version 11.00
# Visual Studio 2010
Project("{8BC9CEB8-8B4A-11D0-8D11-00A0C91BC942}") = "1078", "1078\1078.vcxproj", "{BB5EEFDA-5386-4E1E-ADB5-954DD5B7AEC1}"
EndProject
Global
	GlobalSection(SolutionConfigurationPlatforms) = preSolution
		Debug|Win32 = Debug|Win32
		Release|Win32 = Release|Win32
	EndGlobalSection
	GlobalSection(ProjectConfigurationPlatforms) = postSolution
		{BB5EEFDA-5386-4E1E-ADB5-954DD5B7AEC1}.Debug|Win32.ActiveCfg = Debug|Win32
		{BB5EEFDA-5386-4E1E-ADB5-954DD5B7AEC1}.Debug|Win32.Build.0 = Debug|Win32
		{BB5EEFDA-5386-4E1E-ADB5-954DD5B7AEC1}.Release|Win32.ActiveCfg = Release|Win32
		{BB5EEFDA-5386-4E1E-ADB5-954DD5B7AEC1}.Release|Win32.Build.0 = Release|Win32
	EndGlobalSection
	GlobalSection(SolutionProperties) = preSolution
		HideSolutionNode = FALSE
	EndGlobalSection
EndGlobal
