
Microsoft Visual Studio Solution File, Format Version 11.00
# Visual Studio 2010
Project("{8BC9CEB8-8B4A-11D0-8D11-00A0C91BC942}") = "1077", "1077\1077.vcxproj", "{53A385F8-5E04-4F7A-897E-03D82DD8E1A7}"
EndProject
Global
	GlobalSection(SolutionConfigurationPlatforms) = preSolution
		Debug|Win32 = Debug|Win32
		Release|Win32 = Release|Win32
	EndGlobalSection
	GlobalSection(ProjectConfigurationPlatforms) = postSolution
		{53A385F8-5E04-4F7A-897E-03D82DD8E1A7}.Debug|Win32.ActiveCfg = Debug|Win32
		{53A385F8-5E04-4F7A-897E-03D82DD8E1A7}.Debug|Win32.Build.0 = Debug|Win32
		{53A385F8-5E04-4F7A-897E-03D82DD8E1A7}.Release|Win32.ActiveCfg = Release|Win32
		{53A385F8-5E04-4F7A-897E-03D82DD8E1A7}.Release|Win32.Build.0 = Release|Win32
	EndGlobalSection
	GlobalSection(SolutionProperties) = preSolution
		HideSolutionNode = FALSE
	EndGlobalSection
EndGlobal
