
Microsoft Visual Studio Solution File, Format Version 11.00
# Visual Studio 2010
Project("{8BC9CEB8-8B4A-11D0-8D11-00A0C91BC942}") = "1074", "1074\1074.vcxproj", "{C2A1A2D3-ECDF-4070-B269-8D1E22D6CE5B}"
EndProject
Global
	GlobalSection(SolutionConfigurationPlatforms) = preSolution
		Debug|Win32 = Debug|Win32
		Release|Win32 = Release|Win32
	EndGlobalSection
	GlobalSection(ProjectConfigurationPlatforms) = postSolution
		{C2A1A2D3-ECDF-4070-B269-8D1E22D6CE5B}.Debug|Win32.ActiveCfg = Debug|Win32
		{C2A1A2D3-ECDF-4070-B269-8D1E22D6CE5B}.Debug|Win32.Build.0 = Debug|Win32
		{C2A1A2D3-ECDF-4070-B269-8D1E22D6CE5B}.Release|Win32.ActiveCfg = Release|Win32
		{C2A1A2D3-ECDF-4070-B269-8D1E22D6CE5B}.Release|Win32.Build.0 = Release|Win32
	EndGlobalSection
	GlobalSection(SolutionProperties) = preSolution
		HideSolutionNode = FALSE
	EndGlobalSection
EndGlobal
