
Microsoft Visual Studio Solution File, Format Version 11.00
# Visual Studio 2010
Project("{8BC9CEB8-8B4A-11D0-8D11-00A0C91BC942}") = "1076", "1076\1076.vcxproj", "{EA7E1999-7718-4299-BB8B-534A6A66349B}"
EndProject
Global
	GlobalSection(SolutionConfigurationPlatforms) = preSolution
		Debug|Win32 = Debug|Win32
		Release|Win32 = Release|Win32
	EndGlobalSection
	GlobalSection(ProjectConfigurationPlatforms) = postSolution
		{EA7E1999-7718-4299-BB8B-534A6A66349B}.Debug|Win32.ActiveCfg = Debug|Win32
		{EA7E1999-7718-4299-BB8B-534A6A66349B}.Debug|Win32.Build.0 = Debug|Win32
		{EA7E1999-7718-4299-BB8B-534A6A66349B}.Release|Win32.ActiveCfg = Release|Win32
		{EA7E1999-7718-4299-BB8B-534A6A66349B}.Release|Win32.Build.0 = Release|Win32
	EndGlobalSection
	GlobalSection(SolutionProperties) = preSolution
		HideSolutionNode = FALSE
	EndGlobalSection
EndGlobal
